
Microsoft Visual Studio Solution File, Format Version 12.00
# Visual Studio Version 16
VisualStudioVersion = 16.0.30011.22
MinimumVisualStudioVersion = 10.0.40219.1
Project("{FAE04EC0-301F-11D3-BF4B-00C04F79EFBC}") = "SaveManager", "SaveManager\SaveManager.csproj", "{A155305E-B00B-41F5-B055-49934DC83187}"
EndProject
Global
	GlobalSection(SolutionConfigurationPlatforms) = preSolution
		Debug|Any CPU = Debug|Any CPU
		Release|Any CPU = Release|Any CPU
	EndGlobalSection
	GlobalSection(ProjectConfigurationPlatforms) = postSolution
		{A155305E-B00B-41F5-B055-49934DC83187}.Debug|Any CPU.ActiveCfg = Debug|Any CPU
		{A155305E-B00B-41F5-B055-49934DC83187}.Debug|Any CPU.Build.0 = Debug|Any CPU
		{A155305E-B00B-41F5-B055-49934DC83187}.Release|Any CPU.ActiveCfg = Release|Any CPU
		{A155305E-B00B-41F5-B055-49934DC83187}.Release|Any CPU.Build.0 = Release|Any CPU
	EndGlobalSection
	GlobalSection(SolutionProperties) = preSolution
		HideSolutionNode = FALSE
	EndGlobalSection
	GlobalSection(ExtensibilityGlobals) = postSolution
		SolutionGuid = {006ADD93-D24F-4A26-949E-74BE9B4A67B1}
	EndGlobalSection
EndGlobal
